// !$*UTF8*$!
{
	archiveVersion = 1;
	classes = {
	};
	objectVersion = 46;
	objects = {

/* Begin PBXBuildFile section */
		DC80CBC61BE1D0AB0099139E /* main.m in Sources */ = {isa = PBXBuildFile; fileRef = DC80CBC51BE1D0AB0099139E /* main.m */; };
		DC80CBC91BE1D0AB0099139E /* AppDelegate.m in Sources */ = {isa = PBXBuildFile; fileRef = DC80CBC81BE1D0AB0099139E /* AppDelegate.m */; };
		DC80CBCC1BE1D0AB0099139E /* ViewController.m in Sources */ = {isa = PBXBuildFile; fileRef = DC80CBCB1BE1D0AB0099139E /* ViewController.m */; };
		DC80CBCF1BE1D0AB0099139E /* Main.storyboard in Resources */ = {isa = PBXBuildFile; fileRef = DC80CBCD1BE1D0AB0099139E /* Main.storyboard */; };
		DC80CBD11BE1D0AB0099139E /* Images.xcassets in Resources */ = {isa = PBXBuildFile; fileRef = DC80CBD01BE1D0AB0099139E /* Images.xcassets */; };
		DC80CBD41BE1D0AB0099139E /* LaunchScreen.xib in Resources */ = {isa = PBXBuildFile; fileRef = DC80CBD21BE1D0AB0099139E /* LaunchScreen.xib */; };
		DC80CBE01BE1D0AB0099139E /* ibuleTests.m in Sources */ = {isa = PBXBuildFile; fileRef = DC80CBDF1BE1D0AB0099139E /* ibuleTests.m */; };
/* End PBXBuildFile section */

/* Begin PBXContainerItemProxy section */
		DC80CBDA1BE1D0AB0099139E /* PBXContainerItemProxy */ = {
			isa = PBXContainerItemProxy;
			containerPortal = DC80CBB81BE1D0AB0099139E /* Project object */;
			proxyType = 1;
			remoteGlobalIDString = DC80CBBF1BE1D0AB0099139E;
			remoteInfo = ibule;
		};
/* End PBXContainerItemProxy section */

/* Begin PBXFileReference section */
		DC80CBC01BE1D0AB0099139E /* ibule.app */ = {isa = PBXFileReference; explicitFileType = wrapper.application; includeInIndex = 0; path = ibule.app; sourceTree = BUILT_PRODUCTS_DIR; };
		DC80CBC41BE1D0AB0099139E /* Info.plist */ = {isa = PBXFileReference; lastKnownFileType = text.plist.xml; path = Info.plist; sourceTree = "<group>"; };
		DC80CBC51BE1D0AB0099139E /* main.m */ = {isa = PBXFileReference; lastKnownFileType = sourcecode.c.objc; path = main.m; sourceTree = "<group>"; };
		DC80CBC71BE1D0AB0099139E /* AppDelegate.h */ = {isa = PBXFileReference; lastKnownFileType = sourcecode.c.h; path = AppDelegate.h; sourceTree = "<group>"; };
		DC80CBC81BE1D0AB0099139E /* AppDelegate.m */ = {isa = PBXFileReference; lastKnownFileType = sourcecode.c.objc; path = AppDelegate.m; sourceTree = "<group>"; };
		DC80CBCA1BE1D0AB0099139E /* ViewController.h */ = {isa = PBXFileReference; lastKnownFileType = sourcecode.c.h; path = ViewController.h; sourceTree = "<group>"; };
		DC80CBCB1BE1D0AB0099139E /* ViewController.m */ = {isa = PBXFileReference; lastKnownFileType = sourcecode.c.objc; path = ViewController.m; sourceTree = "<group>"; };
		DC80CBCE1BE1D0AB0099139E /* Base */ = {isa = PBXFileReference; lastKnownFileType = file.storyboard; name = Base; path = Base.lproj/Main.storyboard; sourceTree = "<group>"; };
		DC80CBD01BE1D0AB0099139E /* Images.xcassets */ = {isa = PBXFileReference; lastKnownFileType = folder.assetcatalog; path = Images.xcassets; sourceTree = "<group>"; };
		DC80CBD31BE1D0AB0099139E /* Base */ = {isa = PBXFileReference; lastKnownFileType = file.xib; name = Base; path = Base.lproj/LaunchScreen.xib; sourceTree = "<group>"; };
		DC80CBD91BE1D0AB0099139E /* ibuleTests.xctest */ = {isa = PBXFileReference; explicitFileType = wrapper.cfbundle; includeInIndex = 0; path = ibuleTests.xctest; sourceTree = BUILT_PRODUCTS_DIR; };
		DC80CBDE1BE1D0AB0099139E /* Info.plist */ = {isa = PBXFileReference; lastKnownFileType = text.plist.xml; path = Info.plist; sourceTree = "<group>"; };
		DC80CBDF1BE1D0AB0099139E /* ibuleTests.m */ = {isa = PBXFileReference; lastKnownFileType = sourcecode.c.objc; path = ibuleTests.m; sourceTree = "<group>"; };
/* End PBXFileReference section */

/* Begin PBXFrameworksBuildPhase section */
		DC80CBBD1BE1D0AB0099139E /* Frameworks */ = {
			isa = PBXFrameworksBuildPhase;
			buildActionMask = 2147483647;
			files = (
			);
			runOnlyForDeploymentPostprocessing = 0;
		};
		DC80CBD61BE1D0AB0099139E /* Frameworks */ = {
			isa = PBXFrameworksBuildPhase;
			buildActionMask = 2147483647;
			files = (
			);
			runOnlyForDeploymentPostprocessing = 0;
		};
/* End PBXFrameworksBuildPhase section */

/* Begin PBXGroup section */
		DC80CBB71BE1D0AB0099139E = {
			isa = PBXGroup;
			children = (
				DC80CBC21BE1D0AB0099139E /* ibule */,
				DC80CBDC1BE1D0AB0099139E /* ibuleTests */,
				DC80CBC11BE1D0AB0099139E /* Products */,
			);
			sourceTree = "<group>";
		};
		DC80CBC11BE1D0AB0099139E /* Products */ = {
			isa = PBXGroup;
			children = (
				DC80CBC01BE1D0AB0099139E /* ibule.app */,
				DC80CBD91BE1D0AB0099139E /* ibuleTests.xctest */,
			);
			name = Products;
			sourceTree = "<group>";
		};
		DC80CBC21BE1D0AB0099139E /* ibule */ = {
			isa = PBXGroup;
			children = (
				DC80CBC71BE1D0AB0099139E /* AppDelegate.h */,
				DC80CBC81BE1D0AB0099139E /* AppDelegate.m */,
				DC80CBCA1BE1D0AB0099139E /* ViewController.h */,
				DC80CBCB1BE1D0AB0099139E /* ViewController.m */,
				DC80CBCD1BE1D0AB0099139E /* Main.storyboard */,
				DC80CBD01BE1D0AB0099139E /* Images.xcassets */,
				DC80CBD21BE1D0AB0099139E /* LaunchScreen.xib */,
				DC80CBC31BE1D0AB0099139E /* Supporting Files */,
			);
			path = ibule;
			sourceTree = "<group>";
		};
		DC80CBC31BE1D0AB0099139E /* Supporting Files */ = {
			isa = PBXGroup;
			children = (
				DC80CBC41BE1D0AB0099139E /* Info.plist */,
				DC80CBC51BE1D0AB0099139E /* main.m */,
			);
			name = "Supporting Files";
			sourceTree = "<group>";
		};
		DC80CBDC1BE1D0AB0099139E /* ibuleTests */ = {
			isa = PBXGroup;
			children = (
				DC80CBDF1BE1D0AB0099139E /* ibuleTests.m */,
				DC80CBDD1BE1D0AB0099139E /* Supporting Files */,
			);
			path = ibuleTests;
			sourceTree = "<group>";
		};
		DC80CBDD1BE1D0AB0099139E /* Supporting Files */ = {
			isa = PBXGroup;
			children = (
				DC80CBDE1BE1D0AB0099139E /* Info.plist */,
			);
			name = "Supporting Files";
			sourceTree = "<group>";
		};
/* End PBXGroup section */

/* Begin PBXNativeTarget section */
		DC80CBBF1BE1D0AB0099139E /* ibule */ = {
			isa = PBXNativeTarget;
			buildConfigurationList = DC80CBE31BE1D0AB0099139E /* Build configuration list for PBXNativeTarget "ibule" */;
			buildPhases = (
				DC80CBBC1BE1D0AB0099139E /* Sources */,
				DC80CBBD1BE1D0AB0099139E /* Frameworks */,
				DC80CBBE1BE1D0AB0099139E /* Resources */,
			);
			buildRules = (
			);
			dependencies = (
			);
			name = ibule;
			productName = ibule;
			productReference = DC80CBC01BE1D0AB0099139E /* ibule.app */;
			productType = "com.apple.product-type.application";
		};
		DC80CBD81BE1D0AB0099139E /* ibuleTests */ = {
			isa = PBXNativeTarget;
			buildConfigurationList = DC80CBE61BE1D0AB0099139E /* Build configuration list for PBXNativeTarget "ibuleTests" */;
			buildPhases = (
				DC80CBD51BE1D0AB0099139E /* Sources */,
				DC80CBD61BE1D0AB0099139E /* Frameworks */,
				DC80CBD71BE1D0AB0099139E /* Resources */,
			);
			buildRules = (
			);
			dependencies = (
				DC80CBDB1BE1D0AB0099139E /* PBXTargetDependency */,
			);
			name = ibuleTests;
			productName = ibuleTests;
			productReference = DC80CBD91BE1D0AB0099139E /* ibuleTests.xctest */;
			productType = "com.apple.product-type.bundle.unit-test";
		};
/* End PBXNativeTarget section */

/* Begin PBXProject section */
		DC80CBB81BE1D0AB0099139E /* Project object */ = {
			isa = PBXProject;
			attributes = {
				LastUpgradeCheck = 0640;
				ORGANIZATIONNAME = hwgc;
				TargetAttributes = {
					DC80CBBF1BE1D0AB0099139E = {
						CreatedOnToolsVersion = 6.4;
					};
					DC80CBD81BE1D0AB0099139E = {
						CreatedOnToolsVersion = 6.4;
						TestTargetID = DC80CBBF1BE1D0AB0099139E;
					};
				};
			};
			buildConfigurationList = DC80CBBB1BE1D0AB0099139E /* Build configuration list for PBXProject "ibule" */;
			compatibilityVersion = "Xcode 3.2";
			developmentRegion = English;
			hasScannedForEncodings = 0;
			knownRegions = (
				en,
				Base,
			);
			mainGroup = DC80CBB71BE1D0AB0099139E;
			productRefGroup = DC80CBC11BE1D0AB0099139E /* Products */;
			projectDirPath = "";
			projectRoot = "";
			targets = (
				DC80CBBF1BE1D0AB0099139E /* ibule */,
				DC80CBD81BE1D0AB0099139E /* ibuleTests */,
			);
		};
/* End PBXProject section */

/* Begin PBXResourcesBuildPhase section */
		DC80CBBE1BE1D0AB0099139E /* Resources */ = {
			isa = PBXResourcesBuildPhase;
			buildActionMask = 2147483647;
			files = (
				DC80CBCF1BE1D0AB0099139E /* Main.storyboard in Resources */,
				DC80CBD41BE1D0AB0099139E /* LaunchScreen.xib in Resources */,
				DC80CBD11BE1D0AB0099139E /* Images.xcassets in Resources */,
			);
			runOnlyForDeploymentPostprocessing = 0;
		};
		DC80CBD71BE1D0AB0099139E /* Resources */ = {
			isa = PBXResourcesBuildPhase;
			buildActionMask = 2147483647;
			files = (
			);
			runOnlyForDeploymentPostprocessing = 0;
		};
/* End PBXResourcesBuildPhase section */

/* Begin PBXSourcesBuildPhase section */
		DC80CBBC1BE1D0AB0099139E /* Sources */ = {
			isa = PBXSourcesBuildPhase;
			buildActionMask = 2147483647;
			files = (
				DC80CBCC1BE1D0AB0099139E /* ViewController.m in Sources */,
				DC80CBC91BE1D0AB0099139E /* AppDelegate.m in Sources */,
				DC80CBC61BE1D0AB0099139E /* main.m in Sources */,
			);
			runOnlyForDeploymentPostprocessing = 0;
		};
		DC80CBD51BE1D0AB0099139E /* Sources */ = {
			isa = PBXSourcesBuildPhase;
			buildActionMask = 2147483647;
			files = (
				DC80CBE01BE1D0AB0099139E /* ibuleTests.m in Sources */,
			);
			runOnlyForDeploymentPostprocessing = 0;
		};
/* End PBXSourcesBuildPhase section */

/* Begin PBXTargetDependency section */
		DC80CBDB1BE1D0AB0099139E /* PBXTargetDependency */ = {
			isa = PBXTargetDependency;
			target = DC80CBBF1BE1D0AB0099139E /* ibule */;
			targetProxy = DC80CBDA1BE1D0AB0099139E /* PBXContainerItemProxy */;
		};
/* End PBXTargetDependency section */

/* Begin PBXVariantGroup section */
		DC80CBCD1BE1D0AB0099139E /* Main.storyboard */ = {
			isa = PBXVariantGroup;
			children = (
				DC80CBCE1BE1D0AB0099139E /* Base */,
			);
			name = Main.storyboard;
			sourceTree = "<group>";
		};
		DC80CBD21BE1D0AB0099139E /* LaunchScreen.xib */ = {
			isa = PBXVariantGroup;
			children = (
				DC80CBD31BE1D0AB0099139E /* Base */,
			);
			name = LaunchScreen.xib;
			sourceTree = "<group>";
		};
/* End PBXVariantGroup section */

/* Begin XCBuildConfiguration section */
		DC80CBE11BE1D0AB0099139E /* Debug */ = {
			isa = XCBuildConfiguration;
			buildSettings = {
				ALWAYS_SEARCH_USER_PATHS = NO;
				CLANG_CXX_LANGUAGE_STANDARD = "gnu++0x";
				CLANG_CXX_LIBRARY = "libc++";
				CLANG_ENABLE_MODULES = YES;
				CLANG_ENABLE_OBJC_ARC = YES;
				CLANG_WARN_BOOL_CONVERSION = YES;
				CLANG_WARN_CONSTANT_CONVERSION = YES;
				CLANG_WARN_DIRECT_OBJC_ISA_USAGE = YES_ERROR;
				CLANG_WARN_EMPTY_BODY = YES;
				CLANG_WARN_ENUM_CONVERSION = YES;
				CLANG_WARN_INT_CONVERSION = YES;
				CLANG_WARN_OBJC_ROOT_CLASS = YES_ERROR;
				CLANG_WARN_UNREACHABLE_CODE = YES;
				CLANG_WARN__DUPLICATE_METHOD_MATCH = YES;
				"CODE_SIGN_IDENTITY[sdk=iphoneos*]" = "iPhone Developer";
				COPY_PHASE_STRIP = NO;
				DEBUG_INFORMATION_FORMAT = "dwarf-with-dsym";
				ENABLE_STRICT_OBJC_MSGSEND = YES;
				GCC_C_LANGUAGE_STANDARD = gnu99;
				GCC_DYNAMIC_NO_PIC = NO;
				GCC_NO_COMMON_BLOCKS = YES;
				GCC_OPTIMIZATION_LEVEL = 0;
				GCC_PREPROCESSOR_DEFINITIONS = (
					"DEBUG=1",
					"$(inherited)",
				);
				GCC_SYMBOLS_PRIVATE_EXTERN = NO;
				GCC_WARN_64_TO_32_BIT_CONVERSION = YES;
				GCC_WARN_ABOUT_RETURN_TYPE = YES_ERROR;
				GCC_WARN_UNDECLARED_SELECTOR = YES;
				GCC_WARN_UNINITIALIZED_AUTOS = YES_AGGRESSIVE;
				GCC_WARN_UNUSED_FUNCTION = YES;
				GCC_WARN_UNUSED_VARIABLE = YES;
				IPHONEOS_DEPLOYMENT_TARGET = 8.4;
				MTL_ENABLE_DEBUG_INFO = YES;
				ONLY_ACTIVE_ARCH = YES;
				SDKROOT = iphoneos;
			};
			name = Debug;
		};
		DC80CBE21BE1D0AB0099139E /* Release */ = {
			isa = XCBuildConfiguration;
			buildSettings = {
				ALWAYS_SEARCH_USER_PATHS = NO;
				CLANG_CXX_LANGUAGE_STANDARD = "gnu++0x";
				CLANG_CXX_LIBRARY = "libc++";
				CLANG_ENABLE_MODULES = YES;
				CLANG_ENABLE_OBJC_ARC = YES;
				CLANG_WARN_BOOL_CONVERSION = YES;
				CLANG_WARN_CONSTANT_CONVERSION = YES;
				CLANG_WARN_DIRECT_OBJC_ISA_USAGE = YES_ERROR;
				CLANG_WARN_EMPTY_BODY = YES;
				CLANG_WARN_ENUM_CONVERSION = YES;
				CLANG_WARN_INT_CONVERSION = YES;
				CLANG_WARN_OBJC_ROOT_CLASS = YES_ERROR;
				CLANG_WARN_UNREACHABLE_CODE = YES;
				CLANG_WARN__DUPLICATE_METHOD_MATCH = YES;
				"CODE_SIGN_IDENTITY[sdk=iphoneos*]" = "iPhone Developer";
				COPY_PHASE_STRIP = NO;
				DEBUG_INFORMATION_FORMAT = "dwarf-with-dsym";
				ENABLE_NS_ASSERTIONS = NO;
				ENABLE_STRICT_OBJC_MSGSEND = YES;
				GCC_C_LANGUAGE_STANDARD = gnu99;
				GCC_NO_COMMON_BLOCKS = YES;
				GCC_WARN_64_TO_32_BIT_CONVERSION = YES;
				GCC_WARN_ABOUT_RETURN_TYPE = YES_ERROR;
				GCC_WARN_UNDECLARED_SELECTOR = YES;
				GCC_WARN_UNINITIALIZED_AUTOS = YES_AGGRESSIVE;
				GCC_WARN_UNUSED_FUNCTION = YES;
				GCC_WARN_UNUSED_VARIABLE = YES;
				IPHONEOS_DEPLOYMENT_TARGET = 8.4;
				MTL_ENABLE_DEBUG_INFO = NO;
				SDKROOT = iphoneos;
				VALIDATE_PRODUCT = YES;
			};
			name = Release;
		};
		DC80CBE41BE1D0AB0099139E /* Debug */ = {
			isa = XCBuildConfiguration;
			buildSettings = {
				ASSETCATALOG_COMPILER_APPICON_NAME = AppIcon;
				INFOPLIST_FILE = ibule/Info.plist;
				LD_RUNPATH_SEARCH_PATHS = "$(inherited) @executable_path/Frameworks";
				PRODUCT_NAME = "$(TARGET_NAME)";
			};
			name = Debug;
		};
		DC80CBE51BE1D0AB0099139E /* Release */ = {
			isa = XCBuildConfiguration;
			buildSettings = {
				ASSETCATALOG_COMPILER_APPICON_NAME = AppIcon;
				INFOPLIST_FILE = ibule/Info.plist;
				LD_RUNPATH_SEARCH_PATHS = "$(inherited) @executable_path/Frameworks";
				PRODUCT_NAME = "$(TARGET_NAME)";
			};
			name = Release;
		};
		DC80CBE71BE1D0AB0099139E /* Debug */ = {
			isa = XCBuildConfiguration;
			buildSettings = {
				BUNDLE_LOADER = "$(TEST_HOST)";
				FRAMEWORK_SEARCH_PATHS = (
					"$(SDKROOT)/Developer/Library/Frameworks",
					"$(inherited)",
				);
				GCC_PREPROCESSOR_DEFINITIONS = (
					"DEBUG=1",
					"$(inherited)",
				);
				INFOPLIST_FILE = ibuleTests/Info.plist;
				LD_RUNPATH_SEARCH_PATHS = "$(inherited) @executable_path/Frameworks @loader_path/Frameworks";
				PRODUCT_NAME = "$(TARGET_NAME)";
				TEST_HOST = "$(BUILT_PRODUCTS_DIR)/ibule.app/ibule";
			};
			name = Debug;
		};
		DC80CBE81BE1D0AB0099139E /* Release */ = {
			isa = XCBuildConfiguration;
			buildSettings = {
				BUNDLE_LOADER = "$(TEST_HOST)";
				FRAMEWORK_SEARCH_PATHS = (
					"$(SDKROOT)/Developer/Library/Frameworks",
					"$(inherited)",
				);
				INFOPLIST_FILE = ibuleTests/Info.plist;
				LD_RUNPATH_SEARCH_PATHS = "$(inherited) @executable_path/Frameworks @loader_path/Frameworks";
				PRODUCT_NAME = "$(TARGET_NAME)";
				TEST_HOST = "$(BUILT_PRODUCTS_DIR)/ibule.app/ibule";
			};
			name = Release;
		};
/* End XCBuildConfiguration section */

/* Begin XCConfigurationList section */
		DC80CBBB1BE1D0AB0099139E /* Build configuration list for PBXProject "ibule" */ = {
			isa = XCConfigurationList;
			buildConfigurations = (
				DC80CBE11BE1D0AB0099139E /* Debug */,
				DC80CBE21BE1D0AB0099139E /* Release */,
			);
			defaultConfigurationIsVisible = 0;
			defaultConfigurationName = Release;
		};
		DC80CBE31BE1D0AB0099139E /* Build configuration list for PBXNativeTarget "ibule" */ = {
			isa = XCConfigurationList;
			buildConfigurations = (
				DC80CBE41BE1D0AB0099139E /* Debug */,
				DC80CBE51BE1D0AB0099139E /* Release */,
			);
			defaultConfigurationIsVisible = 0;
		};
		DC80CBE61BE1D0AB0099139E /* Build configuration list for PBXNativeTarget "ibuleTests" */ = {
			isa = XCConfigurationList;
			buildConfigurations = (
				DC80CBE71BE1D0AB0099139E /* Debug */,
				DC80CBE81BE1D0AB0099139E /* Release */,
			);
			defaultConfigurationIsVisible = 0;
		};
/* End XCConfigurationList section */
	};
	rootObject = DC80CBB81BE1D0AB0099139E /* Project object */;
}
